github.com/llimllib/loglevel v0.0.0-20131025150502-3bb4128b5f3b h1:yLi3DWXHHpMbyglMhh+gDObvL2kfT6K5E+OnLtef/BQ=
github.com/llimllib/loglevel v0.0.0-20131025150502-3bb4128b5f3b/go.mod h1:rXDeuXCQpd/9ItjmXQpH2UHjU00e7ViAXE0WcFAQlIY=
golang.org/x/net v0.1.0 h1:hZ/3BUoy5aId7sCpA/Tc5lt8DkFgdVS2onTpJsZ/fl0=
golang.org/x/net v0.1.0/go.mod h1:Cx3nUiGt4eDBEyega/BKRp+/AlGL8hYe7U9odMt2Cco=
